
Microsoft Visual Studio Solution File, Format Version 12.00
# Visual Studio Version 17
VisualStudioVersion = 17.1.32407.343
MinimumVisualStudioVersion = 10.0.40219.1
Project("{FAE04EC0-301F-11D3-BF4B-00C04F79EFBC}") = "HelloWorld", "HelloWorld.csproj", "{CDD6E07F-CD36-4523-9559-337715BB5167}"
EndProject
Global
	GlobalSection(SolutionConfigurationPlatforms) = preSolution
		Debug|Any CPU = Debug|Any CPU
		Release|Any CPU = Release|Any CPU
	EndGlobalSection
	GlobalSection(ProjectConfigurationPlatforms) = postSolution
		{CDD6E07F-CD36-4523-9559-337715BB5167}.Debug|Any CPU.ActiveCfg = Debug|Any CPU
		{CDD6E07F-CD36-4523-9559-337715BB5167}.Debug|Any CPU.Build.0 = Debug|Any CPU
		{CDD6E07F-CD36-4523-9559-337715BB5167}.Release|Any CPU.ActiveCfg = Release|Any CPU
		{CDD6E07F-CD36-4523-9559-337715BB5167}.Release|Any CPU.Build.0 = Release|Any CPU
	EndGlobalSection
	GlobalSection(SolutionProperties) = preSolution
		HideSolutionNode = FALSE
	EndGlobalSection
	GlobalSection(ExtensibilityGlobals) = postSolution
		SolutionGuid = {B68F666B-947D-43F6-B9D8-A53831BD0580}
	EndGlobalSection
EndGlobal
